
Microsoft Visual Studio Solution File, Format Version 12.00
# Visual Studio Version 17
VisualStudioVersion = 17.11.35327.3
MinimumVisualStudioVersion = 10.0.40219.1
Project("{FAE04EC0-301F-11D3-BF4B-00C04F79EFBC}") = "Git-Rebash-Test", "Git-Rebash-Test\Git-Rebash-Test.csproj", "{69795B5A-3A86-4112-9123-C187472DB6D4}"
EndProject
Global
	GlobalSection(SolutionConfigurationPlatforms) = preSolution
		Debug|Any CPU = Debug|Any CPU
		Release|Any CPU = Release|Any CPU
	EndGlobalSection
	GlobalSection(ProjectConfigurationPlatforms) = postSolution
		{69795B5A-3A86-4112-9123-C187472DB6D4}.Debug|Any CPU.ActiveCfg = Debug|Any CPU
		{69795B5A-3A86-4112-9123-C187472DB6D4}.Debug|Any CPU.Build.0 = Debug|Any CPU
		{69795B5A-3A86-4112-9123-C187472DB6D4}.Release|Any CPU.ActiveCfg = Release|Any CPU
		{69795B5A-3A86-4112-9123-C187472DB6D4}.Release|Any CPU.Build.0 = Release|Any CPU
	EndGlobalSection
	GlobalSection(SolutionProperties) = preSolution
		HideSolutionNode = FALSE
	EndGlobalSection
	GlobalSection(ExtensibilityGlobals) = postSolution
		SolutionGuid = {EB0B3A31-752D-469A-A960-36EA38DEDB92}
	EndGlobalSection
EndGlobal
